
Microsoft Visual Studio Solution File, Format Version 12.00
# Visual Studio Version 17
VisualStudioVersion = 17.8.34330.188
MinimumVisualStudioVersion = 10.0.40219.1
Project("{8BC9CEB8-8B4A-11D0-8D11-00A0C91BC942}") = "nes-3do", "nes-3do.vcxproj", "{43F86EE9-4B4C-48BB-9853-433BF2FBC89E}"
EndProject
Global
	GlobalSection(SolutionConfigurationPlatforms) = preSolution
		Debug|x64 = Debug|x64
		Debug|x86 = Debug|x86
		Release|x64 = Release|x64
		Release|x86 = Release|x86
	EndGlobalSection
	GlobalSection(ProjectConfigurationPlatforms) = postSolution
		{43F86EE9-4B4C-48BB-9853-433BF2FBC89E}.Debug|x64.ActiveCfg = Debug|x64
		{43F86EE9-4B4C-48BB-9853-433BF2FBC89E}.Debug|x64.Build.0 = Debug|x64
		{43F86EE9-4B4C-48BB-9853-433BF2FBC89E}.Debug|x86.ActiveCfg = Debug|Win32
		{43F86EE9-4B4C-48BB-9853-433BF2FBC89E}.Debug|x86.Build.0 = Debug|Win32
		{43F86EE9-4B4C-48BB-9853-433BF2FBC89E}.Release|x64.ActiveCfg = Release|x64
		{43F86EE9-4B4C-48BB-9853-433BF2FBC89E}.Release|x64.Build.0 = Release|x64
		{43F86EE9-4B4C-48BB-9853-433BF2FBC89E}.Release|x86.ActiveCfg = Release|Win32
		{43F86EE9-4B4C-48BB-9853-433BF2FBC89E}.Release|x86.Build.0 = Release|Win32
	EndGlobalSection
	GlobalSection(SolutionProperties) = preSolution
		HideSolutionNode = FALSE
	EndGlobalSection
	GlobalSection(ExtensibilityGlobals) = postSolution
		SolutionGuid = {83BBD493-7B33-4FE7-944B-83D561A698E7}
	EndGlobalSection
EndGlobal
